// !$*UTF8*$!
{
	archiveVersion = 1;
	classes = {
	};
	objectVersion = 51;
	objects = {

/* Begin PBXBuildFile section */
		07E8AF24DE2BD4E71BD69029 /* Pods_PaymentDemo_PaymentDemoUITests.framework in Frameworks */ = {isa = PBXBuildFile; fileRef = 27BC77E52D4AD9A43B516AE4 /* Pods_PaymentDemo_PaymentDemoUITests.framework */; };
		0CEB9E2A625A25D9EFF57602 /* Pods_PaymentDemo.framework in Frameworks */ = {isa = PBXBuildFile; fileRef = 636D71F091C1E91024D1BE96 /* Pods_PaymentDemo.framework */; };
		3C128E7AE9814FFF611A61C4 /* Pods_PaymentDemoTests.framework in Frameworks */ = {isa = PBXBuildFile; fileRef = 341950437ED69498B0F47A2F /* Pods_PaymentDemoTests.framework */; };
		CA70CB51264CFC1B001DB376 /* PaymentWithLoyaltyViewController.swift in Sources */ = {isa = PBXBuildFile; fileRef = CA70CB45264CFC1B001DB376 /* PaymentWithLoyaltyViewController.swift */; };
		CA70CB52264CFC1B001DB376 /* PaymentWithLoyaltyViewController.xib in Resources */ = {isa = PBXBuildFile; fileRef = CA70CB46264CFC1B001DB376 /* PaymentWithLoyaltyViewController.xib */; };
		CA70CB53264CFC1B001DB376 /* UIViewController+showAlert.swift in Sources */ = {isa = PBXBuildFile; fileRef = CA70CB48264CFC1B001DB376 /* UIViewController+showAlert.swift */; };
		CA70CB54264CFC1B001DB376 /* BaseViewController.swift in Sources */ = {isa = PBXBuildFile; fileRef = CA70CB49264CFC1B001DB376 /* BaseViewController.swift */; };
		CA70CB55264CFC1B001DB376 /* ViewProtocols.swift in Sources */ = {isa = PBXBuildFile; fileRef = CA70CB4A264CFC1B001DB376 /* ViewProtocols.swift */; };
		CA70CB56264CFC1B001DB376 /* SplashViewController.swift in Sources */ = {isa = PBXBuildFile; fileRef = CA70CB4C264CFC1B001DB376 /* SplashViewController.swift */; };
		CA70CB57264CFC1B001DB376 /* SplashPresenter.swift in Sources */ = {isa = PBXBuildFile; fileRef = CA70CB4D264CFC1B001DB376 /* SplashPresenter.swift */; };
		CA70CB58264CFC1B001DB376 /* SplashProtocols.swift in Sources */ = {isa = PBXBuildFile; fileRef = CA70CB4E264CFC1B001DB376 /* SplashProtocols.swift */; };
		CA70CB59264CFC1B001DB376 /* SplashViewController.xib in Resources */ = {isa = PBXBuildFile; fileRef = CA70CB4F264CFC1B001DB376 /* SplashViewController.xib */; };
		CA70CB5A264CFC1B001DB376 /* SplashModule.swift in Sources */ = {isa = PBXBuildFile; fileRef = CA70CB50264CFC1B001DB376 /* SplashModule.swift */; };
		CAAB7EB3262D991A003E539E /* AppDelegate.swift in Sources */ = {isa = PBXBuildFile; fileRef = CAAB7EB2262D991A003E539E /* AppDelegate.swift */; };
		CAAB7EB7262D991A003E539E /* ViewController.swift in Sources */ = {isa = PBXBuildFile; fileRef = CAAB7EB6262D991A003E539E /* ViewController.swift */; };
		CAAB7EBA262D991A003E539E /* Main.storyboard in Resources */ = {isa = PBXBuildFile; fileRef = CAAB7EB8262D991A003E539E /* Main.storyboard */; };
		CAAB7EBC262D991C003E539E /* Assets.xcassets in Resources */ = {isa = PBXBuildFile; fileRef = CAAB7EBB262D991C003E539E /* Assets.xcassets */; };
		CAAB7EBF262D991C003E539E /* LaunchScreen.storyboard in Resources */ = {isa = PBXBuildFile; fileRef = CAAB7EBD262D991C003E539E /* LaunchScreen.storyboard */; };
		CAAB7ECA262D991C003E539E /* PaymentDemoTests.swift in Sources */ = {isa = PBXBuildFile; fileRef = CAAB7EC9262D991C003E539E /* PaymentDemoTests.swift */; };
		CAAB7ED5262D991C003E539E /* PaymentDemoUITests.swift in Sources */ = {isa = PBXBuildFile; fileRef = CAAB7ED4262D991C003E539E /* PaymentDemoUITests.swift */; };
		CAAB7F52262D9CFE003E539E /* App.swift in Sources */ = {isa = PBXBuildFile; fileRef = CAAB7F51262D9CFE003E539E /* App.swift */; };
		CAAB7F66262D9D0B003E539E /* VnpayWalletSDKBundleResouce.bundle in Resources */ = {isa = PBXBuildFile; fileRef = CAAB7F5B262D9D0B003E539E /* VnpayWalletSDKBundleResouce.bundle */; };
		CAAB7F68262D9D0B003E539E /* TerraService-Info.plist in Resources */ = {isa = PBXBuildFile; fileRef = CAAB7F61262D9D0B003E539E /* TerraService-Info.plist */; };
/* End PBXBuildFile section */

/* Begin PBXContainerItemProxy section */
		CAAB7EC6262D991C003E539E /* PBXContainerItemProxy */ = {
			isa = PBXContainerItemProxy;
			containerPortal = CAAB7EA7262D991A003E539E /* Project object */;
			proxyType = 1;
			remoteGlobalIDString = CAAB7EAE262D991A003E539E;
			remoteInfo = PaymentDemo;
		};
		CAAB7ED1262D991C003E539E /* PBXContainerItemProxy */ = {
			isa = PBXContainerItemProxy;
			containerPortal = CAAB7EA7262D991A003E539E /* Project object */;
			proxyType = 1;
			remoteGlobalIDString = CAAB7EAE262D991A003E539E;
			remoteInfo = PaymentDemo;
		};
/* End PBXContainerItemProxy section */

/* Begin PBXFileReference section */
		016D0030D920B12ED3C6463A /* Pods-PaymentDemo.release.xcconfig */ = {isa = PBXFileReference; includeInIndex = 1; lastKnownFileType = text.xcconfig; name = "Pods-PaymentDemo.release.xcconfig"; path = "Target Support Files/Pods-PaymentDemo/Pods-PaymentDemo.release.xcconfig"; sourceTree = "<group>"; };
		27BC77E52D4AD9A43B516AE4 /* Pods_PaymentDemo_PaymentDemoUITests.framework */ = {isa = PBXFileReference; explicitFileType = wrapper.framework; includeInIndex = 0; path = Pods_PaymentDemo_PaymentDemoUITests.framework; sourceTree = BUILT_PRODUCTS_DIR; };
		341950437ED69498B0F47A2F /* Pods_PaymentDemoTests.framework */ = {isa = PBXFileReference; explicitFileType = wrapper.framework; includeInIndex = 0; path = Pods_PaymentDemoTests.framework; sourceTree = BUILT_PRODUCTS_DIR; };
		636D71F091C1E91024D1BE96 /* Pods_PaymentDemo.framework */ = {isa = PBXFileReference; explicitFileType = wrapper.framework; includeInIndex = 0; path = Pods_PaymentDemo.framework; sourceTree = BUILT_PRODUCTS_DIR; };
		6B9B124769E5F2D13051CFAA /* Pods-PaymentDemoTests.debug.xcconfig */ = {isa = PBXFileReference; includeInIndex = 1; lastKnownFileType = text.xcconfig; name = "Pods-PaymentDemoTests.debug.xcconfig"; path = "Target Support Files/Pods-PaymentDemoTests/Pods-PaymentDemoTests.debug.xcconfig"; sourceTree = "<group>"; };
		73164A93352567B35ED889F9 /* Pods-PaymentDemo-PaymentDemoUITests.release.xcconfig */ = {isa = PBXFileReference; includeInIndex = 1; lastKnownFileType = text.xcconfig; name = "Pods-PaymentDemo-PaymentDemoUITests.release.xcconfig"; path = "Target Support Files/Pods-PaymentDemo-PaymentDemoUITests/Pods-PaymentDemo-PaymentDemoUITests.release.xcconfig"; sourceTree = "<group>"; };
		945A6F324C0804B25B577F8D /* Pods-PaymentDemo.debug.xcconfig */ = {isa = PBXFileReference; includeInIndex = 1; lastKnownFileType = text.xcconfig; name = "Pods-PaymentDemo.debug.xcconfig"; path = "Target Support Files/Pods-PaymentDemo/Pods-PaymentDemo.debug.xcconfig"; sourceTree = "<group>"; };
		A6AFC3D355E5C746C2E2E0E3 /* Pods-PaymentDemo-PaymentDemoUITests.debug.xcconfig */ = {isa = PBXFileReference; includeInIndex = 1; lastKnownFileType = text.xcconfig; name = "Pods-PaymentDemo-PaymentDemoUITests.debug.xcconfig"; path = "Target Support Files/Pods-PaymentDemo-PaymentDemoUITests/Pods-PaymentDemo-PaymentDemoUITests.debug.xcconfig"; sourceTree = "<group>"; };
		B8A35497014F21F4E754C2EB /* Pods-PaymentDemoTests.release.xcconfig */ = {isa = PBXFileReference; includeInIndex = 1; lastKnownFileType = text.xcconfig; name = "Pods-PaymentDemoTests.release.xcconfig"; path = "Target Support Files/Pods-PaymentDemoTests/Pods-PaymentDemoTests.release.xcconfig"; sourceTree = "<group>"; };
		CA70CB45264CFC1B001DB376 /* PaymentWithLoyaltyViewController.swift */ = {isa = PBXFileReference; fileEncoding = 4; lastKnownFileType = sourcecode.swift; path = PaymentWithLoyaltyViewController.swift; sourceTree = "<group>"; };
		CA70CB46264CFC1B001DB376 /* PaymentWithLoyaltyViewController.xib */ = {isa = PBXFileReference; fileEncoding = 4; lastKnownFileType = file.xib; path = PaymentWithLoyaltyViewController.xib; sourceTree = "<group>"; };
		CA70CB48264CFC1B001DB376 /* UIViewController+showAlert.swift */ = {isa = PBXFileReference; fileEncoding = 4; lastKnownFileType = sourcecode.swift; path = "UIViewController+showAlert.swift"; sourceTree = "<group>"; };
		CA70CB49264CFC1B001DB376 /* BaseViewController.swift */ = {isa = PBXFileReference; fileEncoding = 4; lastKnownFileType = sourcecode.swift; path = BaseViewController.swift; sourceTree = "<group>"; };
		CA70CB4A264CFC1B001DB376 /* ViewProtocols.swift */ = {isa = PBXFileReference; fileEncoding = 4; lastKnownFileType = sourcecode.swift; path = ViewProtocols.swift; sourceTree = "<group>"; };
		CA70CB4C264CFC1B001DB376 /* SplashViewController.swift */ = {isa = PBXFileReference; fileEncoding = 4; lastKnownFileType = sourcecode.swift; path = SplashViewController.swift; sourceTree = "<group>"; };
		CA70CB4D264CFC1B001DB376 /* SplashPresenter.swift */ = {isa = PBXFileReference; fileEncoding = 4; lastKnownFileType = sourcecode.swift; path = SplashPresenter.swift; sourceTree = "<group>"; };
		CA70CB4E264CFC1B001DB376 /* SplashProtocols.swift */ = {isa = PBXFileReference; fileEncoding = 4; lastKnownFileType = sourcecode.swift; path = SplashProtocols.swift; sourceTree = "<group>"; };
		CA70CB4F264CFC1B001DB376 /* SplashViewController.xib */ = {isa = PBXFileReference; fileEncoding = 4; lastKnownFileType = file.xib; path = SplashViewController.xib; sourceTree = "<group>"; };
		CA70CB50264CFC1B001DB376 /* SplashModule.swift */ = {isa = PBXFileReference; fileEncoding = 4; lastKnownFileType = sourcecode.swift; path = SplashModule.swift; sourceTree = "<group>"; };
		CAAB7EAF262D991A003E539E /* PaymentDemo.app */ = {isa = PBXFileReference; explicitFileType = wrapper.application; includeInIndex = 0; path = PaymentDemo.app; sourceTree = BUILT_PRODUCTS_DIR; };
		CAAB7EB2262D991A003E539E /* AppDelegate.swift */ = {isa = PBXFileReference; lastKnownFileType = sourcecode.swift; path = AppDelegate.swift; sourceTree = "<group>"; };
		CAAB7EB6262D991A003E539E /* ViewController.swift */ = {isa = PBXFileReference; lastKnownFileType = sourcecode.swift; path = ViewController.swift; sourceTree = "<group>"; };
		CAAB7EB9262D991A003E539E /* Base */ = {isa = PBXFileReference; lastKnownFileType = file.storyboard; name = Base; path = Base.lproj/Main.storyboard; sourceTree = "<group>"; };
		CAAB7EBB262D991C003E539E /* Assets.xcassets */ = {isa = PBXFileReference; lastKnownFileType = folder.assetcatalog; path = Assets.xcassets; sourceTree = "<group>"; };
		CAAB7EBE262D991C003E539E /* Base */ = {isa = PBXFileReference; lastKnownFileType = file.storyboard; name = Base; path = Base.lproj/LaunchScreen.storyboard; sourceTree = "<group>"; };
		CAAB7EC0262D991C003E539E /* Info.plist */ = {isa = PBXFileReference; lastKnownFileType = text.plist.xml; path = Info.plist; sourceTree = "<group>"; };
		CAAB7EC5262D991C003E539E /* PaymentDemoTests.xctest */ = {isa = PBXFileReference; explicitFileType = wrapper.cfbundle; includeInIndex = 0; path = PaymentDemoTests.xctest; sourceTree = BUILT_PRODUCTS_DIR; };
		CAAB7EC9262D991C003E539E /* PaymentDemoTests.swift */ = {isa = PBXFileReference; lastKnownFileType = sourcecode.swift; path = PaymentDemoTests.swift; sourceTree = "<group>"; };
		CAAB7ECB262D991C003E539E /* Info.plist */ = {isa = PBXFileReference; lastKnownFileType = text.plist.xml; path = Info.plist; sourceTree = "<group>"; };
		CAAB7ED0262D991C003E539E /* PaymentDemoUITests.xctest */ = {isa = PBXFileReference; explicitFileType = wrapper.cfbundle; includeInIndex = 0; path = PaymentDemoUITests.xctest; sourceTree = BUILT_PRODUCTS_DIR; };
		CAAB7ED4262D991C003E539E /* PaymentDemoUITests.swift */ = {isa = PBXFileReference; lastKnownFileType = sourcecode.swift; path = PaymentDemoUITests.swift; sourceTree = "<group>"; };
		CAAB7ED6262D991C003E539E /* Info.plist */ = {isa = PBXFileReference; lastKnownFileType = text.plist.xml; path = Info.plist; sourceTree = "<group>"; };
		CAAB7F51262D9CFE003E539E /* App.swift */ = {isa = PBXFileReference; fileEncoding = 4; lastKnownFileType = sourcecode.swift; path = App.swift; sourceTree = "<group>"; };
		CAAB7F5B262D9D0B003E539E /* VnpayWalletSDKBundleResouce.bundle */ = {isa = PBXFileReference; lastKnownFileType = "wrapper.plug-in"; path = VnpayWalletSDKBundleResouce.bundle; sourceTree = "<group>"; };
		CAAB7F61262D9D0B003E539E /* TerraService-Info.plist */ = {isa = PBXFileReference; fileEncoding = 4; lastKnownFileType = text.plist.xml; path = "TerraService-Info.plist"; sourceTree = "<group>"; };
/* End PBXFileReference section */

/* Begin PBXFrameworksBuildPhase section */
		CAAB7EAC262D991A003E539E /* Frameworks */ = {
			isa = PBXFrameworksBuildPhase;
			buildActionMask = 2147483647;
			files = (
				0CEB9E2A625A25D9EFF57602 /* Pods_PaymentDemo.framework in Frameworks */,
			);
			runOnlyForDeploymentPostprocessing = 0;
		};
		CAAB7EC2262D991C003E539E /* Frameworks */ = {
			isa = PBXFrameworksBuildPhase;
			buildActionMask = 2147483647;
			files = (
				3C128E7AE9814FFF611A61C4 /* Pods_PaymentDemoTests.framework in Frameworks */,
			);
			runOnlyForDeploymentPostprocessing = 0;
		};
		CAAB7ECD262D991C003E539E /* Frameworks */ = {
			isa = PBXFrameworksBuildPhase;
			buildActionMask = 2147483647;
			files = (
				07E8AF24DE2BD4E71BD69029 /* Pods_PaymentDemo_PaymentDemoUITests.framework in Frameworks */,
			);
			runOnlyForDeploymentPostprocessing = 0;
		};
/* End PBXFrameworksBuildPhase section */

/* Begin PBXGroup section */
		1CF21B114C47F36A34990BE1 /* Frameworks */ = {
			isa = PBXGroup;
			children = (
				636D71F091C1E91024D1BE96 /* Pods_PaymentDemo.framework */,
				27BC77E52D4AD9A43B516AE4 /* Pods_PaymentDemo_PaymentDemoUITests.framework */,
				341950437ED69498B0F47A2F /* Pods_PaymentDemoTests.framework */,
			);
			name = Frameworks;
			sourceTree = "<group>";
		};
		C8312E0EDE5C2F2BBA17F819 /* Pods */ = {
			isa = PBXGroup;
			children = (
				945A6F324C0804B25B577F8D /* Pods-PaymentDemo.debug.xcconfig */,
				016D0030D920B12ED3C6463A /* Pods-PaymentDemo.release.xcconfig */,
				A6AFC3D355E5C746C2E2E0E3 /* Pods-PaymentDemo-PaymentDemoUITests.debug.xcconfig */,
				73164A93352567B35ED889F9 /* Pods-PaymentDemo-PaymentDemoUITests.release.xcconfig */,
				6B9B124769E5F2D13051CFAA /* Pods-PaymentDemoTests.debug.xcconfig */,
				B8A35497014F21F4E754C2EB /* Pods-PaymentDemoTests.release.xcconfig */,
			);
			path = Pods;
			sourceTree = "<group>";
		};
		CA70CB44264CFC1B001DB376 /* PaymentFtLoyalty */ = {
			isa = PBXGroup;
			children = (
				CA70CB45264CFC1B001DB376 /* PaymentWithLoyaltyViewController.swift */,
				CA70CB46264CFC1B001DB376 /* PaymentWithLoyaltyViewController.xib */,
			);
			path = PaymentFtLoyalty;
			sourceTree = "<group>";
		};
		CA70CB47264CFC1B001DB376 /* Common */ = {
			isa = PBXGroup;
			children = (
				CA70CB48264CFC1B001DB376 /* UIViewController+showAlert.swift */,
				CA70CB49264CFC1B001DB376 /* BaseViewController.swift */,
				CA70CB4A264CFC1B001DB376 /* ViewProtocols.swift */,
			);
			path = Common;
			sourceTree = "<group>";
		};
		CA70CB4B264CFC1B001DB376 /* Splash */ = {
			isa = PBXGroup;
			children = (
				CA70CB4C264CFC1B001DB376 /* SplashViewController.swift */,
				CA70CB4D264CFC1B001DB376 /* SplashPresenter.swift */,
				CA70CB4E264CFC1B001DB376 /* SplashProtocols.swift */,
				CA70CB4F264CFC1B001DB376 /* SplashViewController.xib */,
				CA70CB50264CFC1B001DB376 /* SplashModule.swift */,
			);
			path = Splash;
			sourceTree = "<group>";
		};
		CAAB7EA6262D991A003E539E = {
			isa = PBXGroup;
			children = (
				CAAB7EB1262D991A003E539E /* PaymentDemo */,
				CAAB7EC8262D991C003E539E /* PaymentDemoTests */,
				CAAB7ED3262D991C003E539E /* PaymentDemoUITests */,
				CAAB7EB0262D991A003E539E /* Products */,
				C8312E0EDE5C2F2BBA17F819 /* Pods */,
				1CF21B114C47F36A34990BE1 /* Frameworks */,
			);
			sourceTree = "<group>";
		};
		CAAB7EB0262D991A003E539E /* Products */ = {
			isa = PBXGroup;
			children = (
				CAAB7EAF262D991A003E539E /* PaymentDemo.app */,
				CAAB7EC5262D991C003E539E /* PaymentDemoTests.xctest */,
				CAAB7ED0262D991C003E539E /* PaymentDemoUITests.xctest */,
			);
			name = Products;
			sourceTree = "<group>";
		};
		CAAB7EB1262D991A003E539E /* PaymentDemo */ = {
			isa = PBXGroup;
			children = (
				CAAB7F5A262D9D0B003E539E /* Libs */,
				CAAB7F53262D9D0B003E539E /* Modules */,
				CAAB7F5C262D9D0B003E539E /* Resources */,
				CAAB7F50262D9CBD003E539E /* App */,
				CAAB7EB6262D991A003E539E /* ViewController.swift */,
				CAAB7EB8262D991A003E539E /* Main.storyboard */,
				CAAB7EBB262D991C003E539E /* Assets.xcassets */,
				CAAB7EBD262D991C003E539E /* LaunchScreen.storyboard */,
				CAAB7EC0262D991C003E539E /* Info.plist */,
			);
			path = PaymentDemo;
			sourceTree = "<group>";
		};
		CAAB7EC8262D991C003E539E /* PaymentDemoTests */ = {
			isa = PBXGroup;
			children = (
				CAAB7EC9262D991C003E539E /* PaymentDemoTests.swift */,
				CAAB7ECB262D991C003E539E /* Info.plist */,
			);
			path = PaymentDemoTests;
			sourceTree = "<group>";
		};
		CAAB7ED3262D991C003E539E /* PaymentDemoUITests */ = {
			isa = PBXGroup;
			children = (
				CAAB7ED4262D991C003E539E /* PaymentDemoUITests.swift */,
				CAAB7ED6262D991C003E539E /* Info.plist */,
			);
			path = PaymentDemoUITests;
			sourceTree = "<group>";
		};
		CAAB7F50262D9CBD003E539E /* App */ = {
			isa = PBXGroup;
			children = (
				CAAB7F51262D9CFE003E539E /* App.swift */,
				CAAB7EB2262D991A003E539E /* AppDelegate.swift */,
			);
			path = App;
			sourceTree = "<group>";
		};
		CAAB7F53262D9D0B003E539E /* Modules */ = {
			isa = PBXGroup;
			children = (
				CA70CB47264CFC1B001DB376 /* Common */,
				CA70CB44264CFC1B001DB376 /* PaymentFtLoyalty */,
				CA70CB4B264CFC1B001DB376 /* Splash */,
			);
			path = Modules;
			sourceTree = "<group>";
		};
		CAAB7F5A262D9D0B003E539E /* Libs */ = {
			isa = PBXGroup;
			children = (
				CAAB7F5B262D9D0B003E539E /* VnpayWalletSDKBundleResouce.bundle */,
			);
			path = Libs;
			sourceTree = "<group>";
		};
		CAAB7F5C262D9D0B003E539E /* Resources */ = {
			isa = PBXGroup;
			children = (
				CAAB7F5D262D9D0B003E539E /* Terra */,
			);
			path = Resources;
			sourceTree = "<group>";
		};
		CAAB7F5D262D9D0B003E539E /* Terra */ = {
			isa = PBXGroup;
			children = (
				CAAB7F60262D9D0B003E539E /* Dev */,
			);
			path = Terra;
			sourceTree = "<group>";
		};
		CAAB7F60262D9D0B003E539E /* Dev */ = {
			isa = PBXGroup;
			children = (
				CAAB7F61262D9D0B003E539E /* TerraService-Info.plist */,
			);
			path = Dev;
			sourceTree = "<group>";
		};
/* End PBXGroup section */

/* Begin PBXNativeTarget section */
		CAAB7EAE262D991A003E539E /* PaymentDemo */ = {
			isa = PBXNativeTarget;
			buildConfigurationList = CAAB7ED9262D991C003E539E /* Build configuration list for PBXNativeTarget "PaymentDemo" */;
			buildPhases = (
				F013E1FF8A42C1F32E4F5E08 /* [CP] Check Pods Manifest.lock */,
				CAAB7EAB262D991A003E539E /* Sources */,
				CAAB7EAC262D991A003E539E /* Frameworks */,
				CAAB7EAD262D991A003E539E /* Resources */,
				24B3114D9058409E7147D92D /* [CP] Embed Pods Frameworks */,
				06E4299D4423076B8EC87309 /* [CP] Copy Pods Resources */,
			);
			buildRules = (
			);
			dependencies = (
			);
			name = PaymentDemo;
			productName = PaymentDemo;
			productReference = CAAB7EAF262D991A003E539E /* PaymentDemo.app */;
			productType = "com.apple.product-type.application";
		};
		CAAB7EC4262D991C003E539E /* PaymentDemoTests */ = {
			isa = PBXNativeTarget;
			buildConfigurationList = CAAB7EDC262D991C003E539E /* Build configuration list for PBXNativeTarget "PaymentDemoTests" */;
			buildPhases = (
				E176D9AB5E81C6F26AF4428A /* [CP] Check Pods Manifest.lock */,
				CAAB7EC1262D991C003E539E /* Sources */,
				CAAB7EC2262D991C003E539E /* Frameworks */,
				CAAB7EC3262D991C003E539E /* Resources */,
			);
			buildRules = (
			);
			dependencies = (
				CAAB7EC7262D991C003E539E /* PBXTargetDependency */,
			);
			name = PaymentDemoTests;
			productName = PaymentDemoTests;
			productReference = CAAB7EC5262D991C003E539E /* PaymentDemoTests.xctest */;
			productType = "com.apple.product-type.bundle.unit-test";
		};
		CAAB7ECF262D991C003E539E /* PaymentDemoUITests */ = {
			isa = PBXNativeTarget;
			buildConfigurationList = CAAB7EDF262D991C003E539E /* Build configuration list for PBXNativeTarget "PaymentDemoUITests" */;
			buildPhases = (
				7E15892360FD0CDBB2557DD8 /* [CP] Check Pods Manifest.lock */,
				CAAB7ECC262D991C003E539E /* Sources */,
				CAAB7ECD262D991C003E539E /* Frameworks */,
				CAAB7ECE262D991C003E539E /* Resources */,
				4E92477045F8BAD402614DB1 /* [CP] Embed Pods Frameworks */,
				09934F27F061F5D0411A2B8E /* [CP] Copy Pods Resources */,
			);
			buildRules = (
			);
			dependencies = (
				CAAB7ED2262D991C003E539E /* PBXTargetDependency */,
			);
			name = PaymentDemoUITests;
			productName = PaymentDemoUITests;
			productReference = CAAB7ED0262D991C003E539E /* PaymentDemoUITests.xctest */;
			productType = "com.apple.product-type.bundle.ui-testing";
		};
/* End PBXNativeTarget section */

/* Begin PBXProject section */
		CAAB7EA7262D991A003E539E /* Project object */ = {
			isa = PBXProject;
			attributes = {
				LastSwiftUpdateCheck = 1240;
				LastUpgradeCheck = 1240;
				TargetAttributes = {
					CAAB7EAE262D991A003E539E = {
						CreatedOnToolsVersion = 12.4;
					};
					CAAB7EC4262D991C003E539E = {
						CreatedOnToolsVersion = 12.4;
						TestTargetID = CAAB7EAE262D991A003E539E;
					};
					CAAB7ECF262D991C003E539E = {
						CreatedOnToolsVersion = 12.4;
						TestTargetID = CAAB7EAE262D991A003E539E;
					};
				};
			};
			buildConfigurationList = CAAB7EAA262D991A003E539E /* Build configuration list for PBXProject "PaymentDemo" */;
			compatibilityVersion = "Xcode 9.3";
			developmentRegion = en;
			hasScannedForEncodings = 0;
			knownRegions = (
				en,
				Base,
			);
			mainGroup = CAAB7EA6262D991A003E539E;
			productRefGroup = CAAB7EB0262D991A003E539E /* Products */;
			projectDirPath = "";
			projectRoot = "";
			targets = (
				CAAB7EAE262D991A003E539E /* PaymentDemo */,
				CAAB7EC4262D991C003E539E /* PaymentDemoTests */,
				CAAB7ECF262D991C003E539E /* PaymentDemoUITests */,
			);
		};
/* End PBXProject section */

/* Begin PBXResourcesBuildPhase section */
		CAAB7EAD262D991A003E539E /* Resources */ = {
			isa = PBXResourcesBuildPhase;
			buildActionMask = 2147483647;
			files = (
				CAAB7F68262D9D0B003E539E /* TerraService-Info.plist in Resources */,
				CAAB7EBF262D991C003E539E /* LaunchScreen.storyboard in Resources */,
				CA70CB52264CFC1B001DB376 /* PaymentWithLoyaltyViewController.xib in Resources */,
				CA70CB59264CFC1B001DB376 /* SplashViewController.xib in Resources */,
				CAAB7F66262D9D0B003E539E /* VnpayWalletSDKBundleResouce.bundle in Resources */,
				CAAB7EBC262D991C003E539E /* Assets.xcassets in Resources */,
				CAAB7EBA262D991A003E539E /* Main.storyboard in Resources */,
			);
			runOnlyForDeploymentPostprocessing = 0;
		};
		CAAB7EC3262D991C003E539E /* Resources */ = {
			isa = PBXResourcesBuildPhase;
			buildActionMask = 2147483647;
			files = (
			);
			runOnlyForDeploymentPostprocessing = 0;
		};
		CAAB7ECE262D991C003E539E /* Resources */ = {
			isa = PBXResourcesBuildPhase;
			buildActionMask = 2147483647;
			files = (
			);
			runOnlyForDeploymentPostprocessing = 0;
		};
/* End PBXResourcesBuildPhase section */

/* Begin PBXShellScriptBuildPhase section */
		06E4299D4423076B8EC87309 /* [CP] Copy Pods Resources */ = {
			isa = PBXShellScriptBuildPhase;
			buildActionMask = 2147483647;
			files = (
			);
			inputFileListPaths = (
				"${PODS_ROOT}/Target Support Files/Pods-PaymentDemo/Pods-PaymentDemo-resources-${CONFIGURATION}-input-files.xcfilelist",
			);
			name = "[CP] Copy Pods Resources";
			outputFileListPaths = (
				"${PODS_ROOT}/Target Support Files/Pods-PaymentDemo/Pods-PaymentDemo-resources-${CONFIGURATION}-output-files.xcfilelist",
			);
			runOnlyForDeploymentPostprocessing = 0;
			shellPath = /bin/sh;
			shellScript = "\"${PODS_ROOT}/Target Support Files/Pods-PaymentDemo/Pods-PaymentDemo-resources.sh\"\n";
			showEnvVarsInLog = 0;
		};
		09934F27F061F5D0411A2B8E /* [CP] Copy Pods Resources */ = {
			isa = PBXShellScriptBuildPhase;
			buildActionMask = 2147483647;
			files = (
			);
			inputFileListPaths = (
				"${PODS_ROOT}/Target Support Files/Pods-PaymentDemo-PaymentDemoUITests/Pods-PaymentDemo-PaymentDemoUITests-resources-${CONFIGURATION}-input-files.xcfilelist",
			);
			name = "[CP] Copy Pods Resources";
			outputFileListPaths = (
				"${PODS_ROOT}/Target Support Files/Pods-PaymentDemo-PaymentDemoUITests/Pods-PaymentDemo-PaymentDemoUITests-resources-${CONFIGURATION}-output-files.xcfilelist",
			);
			runOnlyForDeploymentPostprocessing = 0;
			shellPath = /bin/sh;
			shellScript = "\"${PODS_ROOT}/Target Support Files/Pods-PaymentDemo-PaymentDemoUITests/Pods-PaymentDemo-PaymentDemoUITests-resources.sh\"\n";
			showEnvVarsInLog = 0;
		};
		24B3114D9058409E7147D92D /* [CP] Embed Pods Frameworks */ = {
			isa = PBXShellScriptBuildPhase;
			buildActionMask = 2147483647;
			files = (
			);
			inputFileListPaths = (
				"${PODS_ROOT}/Target Support Files/Pods-PaymentDemo/Pods-PaymentDemo-frameworks-${CONFIGURATION}-input-files.xcfilelist",
			);
			name = "[CP] Embed Pods Frameworks";
			outputFileListPaths = (
				"${PODS_ROOT}/Target Support Files/Pods-PaymentDemo/Pods-PaymentDemo-frameworks-${CONFIGURATION}-output-files.xcfilelist",
			);
			runOnlyForDeploymentPostprocessing = 0;
			shellPath = /bin/sh;
			shellScript = "\"${PODS_ROOT}/Target Support Files/Pods-PaymentDemo/Pods-PaymentDemo-frameworks.sh\"\n";
			showEnvVarsInLog = 0;
		};
		4E92477045F8BAD402614DB1 /* [CP] Embed Pods Frameworks */ = {
			isa = PBXShellScriptBuildPhase;
			buildActionMask = 2147483647;
			files = (
			);
			inputFileListPaths = (
				"${PODS_ROOT}/Target Support Files/Pods-PaymentDemo-PaymentDemoUITests/Pods-PaymentDemo-PaymentDemoUITests-frameworks-${CONFIGURATION}-input-files.xcfilelist",
			);
			name = "[CP] Embed Pods Frameworks";
			outputFileListPaths = (
				"${PODS_ROOT}/Target Support Files/Pods-PaymentDemo-PaymentDemoUITests/Pods-PaymentDemo-PaymentDemoUITests-frameworks-${CONFIGURATION}-output-files.xcfilelist",
			);
			runOnlyForDeploymentPostprocessing = 0;
			shellPath = /bin/sh;
			shellScript = "\"${PODS_ROOT}/Target Support Files/Pods-PaymentDemo-PaymentDemoUITests/Pods-PaymentDemo-PaymentDemoUITests-frameworks.sh\"\n";
			showEnvVarsInLog = 0;
		};
		7E15892360FD0CDBB2557DD8 /* [CP] Check Pods Manifest.lock */ = {
			isa = PBXShellScriptBuildPhase;
			buildActionMask = 2147483647;
			files = (
			);
			inputFileListPaths = (
			);
			inputPaths = (
				"${PODS_PODFILE_DIR_PATH}/Podfile.lock",
				"${PODS_ROOT}/Manifest.lock",
			);
			name = "[CP] Check Pods Manifest.lock";
			outputFileListPaths = (
			);
			outputPaths = (
				"$(DERIVED_FILE_DIR)/Pods-PaymentDemo-PaymentDemoUITests-checkManifestLockResult.txt",
			);
			runOnlyForDeploymentPostprocessing = 0;
			shellPath = /bin/sh;
			shellScript = "diff \"${PODS_PODFILE_DIR_PATH}/Podfile.lock\" \"${PODS_ROOT}/Manifest.lock\" > /dev/null\nif [ $? != 0 ] ; then\n    # print error to STDERR\n    echo \"error: The sandbox is not in sync with the Podfile.lock. Run 'pod install' or update your CocoaPods installation.\" >&2\n    exit 1\nfi\n# This output is used by Xcode 'outputs' to avoid re-running this script phase.\necho \"SUCCESS\" > \"${SCRIPT_OUTPUT_FILE_0}\"\n";
			showEnvVarsInLog = 0;
		};
		E176D9AB5E81C6F26AF4428A /* [CP] Check Pods Manifest.lock */ = {
			isa = PBXShellScriptBuildPhase;
			buildActionMask = 2147483647;
			files = (
			);
			inputFileListPaths = (
			);
			inputPaths = (
				"${PODS_PODFILE_DIR_PATH}/Podfile.lock",
				"${PODS_ROOT}/Manifest.lock",
			);
			name = "[CP] Check Pods Manifest.lock";
			outputFileListPaths = (
			);
			outputPaths = (
				"$(DERIVED_FILE_DIR)/Pods-PaymentDemoTests-checkManifestLockResult.txt",
			);
			runOnlyForDeploymentPostprocessing = 0;
			shellPath = /bin/sh;
			shellScript = "diff \"${PODS_PODFILE_DIR_PATH}/Podfile.lock\" \"${PODS_ROOT}/Manifest.lock\" > /dev/null\nif [ $? != 0 ] ; then\n    # print error to STDERR\n    echo \"error: The sandbox is not in sync with the Podfile.lock. Run 'pod install' or update your CocoaPods installation.\" >&2\n    exit 1\nfi\n# This output is used by Xcode 'outputs' to avoid re-running this script phase.\necho \"SUCCESS\" > \"${SCRIPT_OUTPUT_FILE_0}\"\n";
			showEnvVarsInLog = 0;
		};
		F013E1FF8A42C1F32E4F5E08 /* [CP] Check Pods Manifest.lock */ = {
			isa = PBXShellScriptBuildPhase;
			buildActionMask = 2147483647;
			files = (
			);
			inputFileListPaths = (
			);
			inputPaths = (
				"${PODS_PODFILE_DIR_PATH}/Podfile.lock",
				"${PODS_ROOT}/Manifest.lock",
			);
			name = "[CP] Check Pods Manifest.lock";
			outputFileListPaths = (
			);
			outputPaths = (
				"$(DERIVED_FILE_DIR)/Pods-PaymentDemo-checkManifestLockResult.txt",
			);
			runOnlyForDeploymentPostprocessing = 0;
			shellPath = /bin/sh;
			shellScript = "diff \"${PODS_PODFILE_DIR_PATH}/Podfile.lock\" \"${PODS_ROOT}/Manifest.lock\" > /dev/null\nif [ $? != 0 ] ; then\n    # print error to STDERR\n    echo \"error: The sandbox is not in sync with the Podfile.lock. Run 'pod install' or update your CocoaPods installation.\" >&2\n    exit 1\nfi\n# This output is used by Xcode 'outputs' to avoid re-running this script phase.\necho \"SUCCESS\" > \"${SCRIPT_OUTPUT_FILE_0}\"\n";
			showEnvVarsInLog = 0;
		};
/* End PBXShellScriptBuildPhase section */

/* Begin PBXSourcesBuildPhase section */
		CAAB7EAB262D991A003E539E /* Sources */ = {
			isa = PBXSourcesBuildPhase;
			buildActionMask = 2147483647;
			files = (
				CA70CB58264CFC1B001DB376 /* SplashProtocols.swift in Sources */,
				CA70CB53264CFC1B001DB376 /* UIViewController+showAlert.swift in Sources */,
				CA70CB51264CFC1B001DB376 /* PaymentWithLoyaltyViewController.swift in Sources */,
				CA70CB5A264CFC1B001DB376 /* SplashModule.swift in Sources */,
				CAAB7F52262D9CFE003E539E /* App.swift in Sources */,
				CAAB7EB7262D991A003E539E /* ViewController.swift in Sources */,
				CAAB7EB3262D991A003E539E /* AppDelegate.swift in Sources */,
				CA70CB54264CFC1B001DB376 /* BaseViewController.swift in Sources */,
				CA70CB55264CFC1B001DB376 /* ViewProtocols.swift in Sources */,
				CA70CB56264CFC1B001DB376 /* SplashViewController.swift in Sources */,
				CA70CB57264CFC1B001DB376 /* SplashPresenter.swift in Sources */,
			);
			runOnlyForDeploymentPostprocessing = 0;
		};
		CAAB7EC1262D991C003E539E /* Sources */ = {
			isa = PBXSourcesBuildPhase;
			buildActionMask = 2147483647;
			files = (
				CAAB7ECA262D991C003E539E /* PaymentDemoTests.swift in Sources */,
			);
			runOnlyForDeploymentPostprocessing = 0;
		};
		CAAB7ECC262D991C003E539E /* Sources */ = {
			isa = PBXSourcesBuildPhase;
			buildActionMask = 2147483647;
			files = (
				CAAB7ED5262D991C003E539E /* PaymentDemoUITests.swift in Sources */,
			);
			runOnlyForDeploymentPostprocessing = 0;
		};
/* End PBXSourcesBuildPhase section */

/* Begin PBXTargetDependency section */
		CAAB7EC7262D991C003E539E /* PBXTargetDependency */ = {
			isa = PBXTargetDependency;
			target = CAAB7EAE262D991A003E539E /* PaymentDemo */;
			targetProxy = CAAB7EC6262D991C003E539E /* PBXContainerItemProxy */;
		};
		CAAB7ED2262D991C003E539E /* PBXTargetDependency */ = {
			isa = PBXTargetDependency;
			target = CAAB7EAE262D991A003E539E /* PaymentDemo */;
			targetProxy = CAAB7ED1262D991C003E539E /* PBXContainerItemProxy */;
		};
/* End PBXTargetDependency section */

/* Begin PBXVariantGroup section */
		CAAB7EB8262D991A003E539E /* Main.storyboard */ = {
			isa = PBXVariantGroup;
			children = (
				CAAB7EB9262D991A003E539E /* Base */,
			);
			name = Main.storyboard;
			sourceTree = "<group>";
		};
		CAAB7EBD262D991C003E539E /* LaunchScreen.storyboard */ = {
			isa = PBXVariantGroup;
			children = (
				CAAB7EBE262D991C003E539E /* Base */,
			);
			name = LaunchScreen.storyboard;
			sourceTree = "<group>";
		};
/* End PBXVariantGroup section */

/* Begin XCBuildConfiguration section */
		CAAB7ED7262D991C003E539E /* Debug */ = {
			isa = XCBuildConfiguration;
			buildSettings = {
				ALWAYS_SEARCH_USER_PATHS = NO;
				CLANG_ANALYZER_NONNULL = YES;
				CLANG_ANALYZER_NUMBER_OBJECT_CONVERSION = YES_AGGRESSIVE;
				CLANG_CXX_LANGUAGE_STANDARD = "gnu++14";
				CLANG_CXX_LIBRARY = "libc++";
				CLANG_ENABLE_MODULES = YES;
				CLANG_ENABLE_OBJC_ARC = YES;
				CLANG_ENABLE_OBJC_WEAK = YES;
				CLANG_WARN_BLOCK_CAPTURE_AUTORELEASING = YES;
				CLANG_WARN_BOOL_CONVERSION = YES;
				CLANG_WARN_COMMA = YES;
				CLANG_WARN_CONSTANT_CONVERSION = YES;
				CLANG_WARN_DEPRECATED_OBJC_IMPLEMENTATIONS = YES;
				CLANG_WARN_DIRECT_OBJC_ISA_USAGE = YES_ERROR;
				CLANG_WARN_DOCUMENTATION_COMMENTS = YES;
				CLANG_WARN_EMPTY_BODY = YES;
				CLANG_WARN_ENUM_CONVERSION = YES;
				CLANG_WARN_INFINITE_RECURSION = YES;
				CLANG_WARN_INT_CONVERSION = YES;
				CLANG_WARN_NON_LITERAL_NULL_CONVERSION = YES;
				CLANG_WARN_OBJC_IMPLICIT_RETAIN_SELF = YES;
				CLANG_WARN_OBJC_LITERAL_CONVERSION = YES;
				CLANG_WARN_OBJC_ROOT_CLASS = YES_ERROR;
				CLANG_WARN_QUOTED_INCLUDE_IN_FRAMEWORK_HEADER = YES;
				CLANG_WARN_RANGE_LOOP_ANALYSIS = YES;
				CLANG_WARN_STRICT_PROTOTYPES = YES;
				CLANG_WARN_SUSPICIOUS_MOVE = YES;
				CLANG_WARN_UNGUARDED_AVAILABILITY = YES_AGGRESSIVE;
				CLANG_WARN_UNREACHABLE_CODE = YES;
				CLANG_WARN__DUPLICATE_METHOD_MATCH = YES;
				COPY_PHASE_STRIP = NO;
				DEBUG_INFORMATION_FORMAT = dwarf;
				ENABLE_STRICT_OBJC_MSGSEND = YES;
				ENABLE_TESTABILITY = YES;
				GCC_C_LANGUAGE_STANDARD = gnu11;
				GCC_DYNAMIC_NO_PIC = NO;
				GCC_NO_COMMON_BLOCKS = YES;
				GCC_OPTIMIZATION_LEVEL = 0;
				GCC_PREPROCESSOR_DEFINITIONS = (
					"DEBUG=1",
					"$(inherited)",
				);
				GCC_WARN_64_TO_32_BIT_CONVERSION = YES;
				GCC_WARN_ABOUT_RETURN_TYPE = YES_ERROR;
				GCC_WARN_UNDECLARED_SELECTOR = YES;
				GCC_WARN_UNINITIALIZED_AUTOS = YES_AGGRESSIVE;
				GCC_WARN_UNUSED_FUNCTION = YES;
				GCC_WARN_UNUSED_VARIABLE = YES;
				IPHONEOS_DEPLOYMENT_TARGET = 14.4;
				MTL_ENABLE_DEBUG_INFO = INCLUDE_SOURCE;
				MTL_FAST_MATH = YES;
				ONLY_ACTIVE_ARCH = YES;
				SDKROOT = iphoneos;
				SWIFT_ACTIVE_COMPILATION_CONDITIONS = DEBUG;
				SWIFT_OPTIMIZATION_LEVEL = "-Onone";
			};
			name = Debug;
		};
		CAAB7ED8262D991C003E539E /* Release */ = {
			isa = XCBuildConfiguration;
			buildSettings = {
				ALWAYS_SEARCH_USER_PATHS = NO;
				CLANG_ANALYZER_NONNULL = YES;
				CLANG_ANALYZER_NUMBER_OBJECT_CONVERSION = YES_AGGRESSIVE;
				CLANG_CXX_LANGUAGE_STANDARD = "gnu++14";
				CLANG_CXX_LIBRARY = "libc++";
				CLANG_ENABLE_MODULES = YES;
				CLANG_ENABLE_OBJC_ARC = YES;
				CLANG_ENABLE_OBJC_WEAK = YES;
				CLANG_WARN_BLOCK_CAPTURE_AUTORELEASING = YES;
				CLANG_WARN_BOOL_CONVERSION = YES;
				CLANG_WARN_COMMA = YES;
				CLANG_WARN_CONSTANT_CONVERSION = YES;
				CLANG_WARN_DEPRECATED_OBJC_IMPLEMENTATIONS = YES;
				CLANG_WARN_DIRECT_OBJC_ISA_USAGE = YES_ERROR;
				CLANG_WARN_DOCUMENTATION_COMMENTS = YES;
				CLANG_WARN_EMPTY_BODY = YES;
				CLANG_WARN_ENUM_CONVERSION = YES;
				CLANG_WARN_INFINITE_RECURSION = YES;
				CLANG_WARN_INT_CONVERSION = YES;
				CLANG_WARN_NON_LITERAL_NULL_CONVERSION = YES;
				CLANG_WARN_OBJC_IMPLICIT_RETAIN_SELF = YES;
				CLANG_WARN_OBJC_LITERAL_CONVERSION = YES;
				CLANG_WARN_OBJC_ROOT_CLASS = YES_ERROR;
				CLANG_WARN_QUOTED_INCLUDE_IN_FRAMEWORK_HEADER = YES;
				CLANG_WARN_RANGE_LOOP_ANALYSIS = YES;
				CLANG_WARN_STRICT_PROTOTYPES = YES;
				CLANG_WARN_SUSPICIOUS_MOVE = YES;
				CLANG_WARN_UNGUARDED_AVAILABILITY = YES_AGGRESSIVE;
				CLANG_WARN_UNREACHABLE_CODE = YES;
				CLANG_WARN__DUPLICATE_METHOD_MATCH = YES;
				COPY_PHASE_STRIP = NO;
				DEBUG_INFORMATION_FORMAT = "dwarf-with-dsym";
				ENABLE_NS_ASSERTIONS = NO;
				ENABLE_STRICT_OBJC_MSGSEND = YES;
				GCC_C_LANGUAGE_STANDARD = gnu11;
				GCC_NO_COMMON_BLOCKS = YES;
				GCC_WARN_64_TO_32_BIT_CONVERSION = YES;
				GCC_WARN_ABOUT_RETURN_TYPE = YES_ERROR;
				GCC_WARN_UNDECLARED_SELECTOR = YES;
				GCC_WARN_UNINITIALIZED_AUTOS = YES_AGGRESSIVE;
				GCC_WARN_UNUSED_FUNCTION = YES;
				GCC_WARN_UNUSED_VARIABLE = YES;
				IPHONEOS_DEPLOYMENT_TARGET = 14.4;
				MTL_ENABLE_DEBUG_INFO = NO;
				MTL_FAST_MATH = YES;
				SDKROOT = iphoneos;
				SWIFT_COMPILATION_MODE = wholemodule;
				SWIFT_OPTIMIZATION_LEVEL = "-O";
				VALIDATE_PRODUCT = YES;
			};
			name = Release;
		};
		CAAB7EDA262D991C003E539E /* Debug */ = {
			isa = XCBuildConfiguration;
			baseConfigurationReference = 945A6F324C0804B25B577F8D /* Pods-PaymentDemo.debug.xcconfig */;
			buildSettings = {
				ASSETCATALOG_COMPILER_APPICON_NAME = AppIcon;
				ASSETCATALOG_COMPILER_GLOBAL_ACCENT_COLOR_NAME = AccentColor;
				CODE_SIGN_STYLE = Automatic;
				DEVELOPMENT_TEAM = 2G2F7B8D22;
				INFOPLIST_FILE = PaymentDemo/Info.plist;
				IPHONEOS_DEPLOYMENT_TARGET = 11.0;
				LD_RUNPATH_SEARCH_PATHS = (
					"$(inherited)",
					"@executable_path/Frameworks",
				);
				PRODUCT_BUNDLE_IDENTIFIER = com.vnpay.ewallet.sdkdemo;
				PRODUCT_NAME = "$(TARGET_NAME)";
				SWIFT_VERSION = 5.0;
				TARGETED_DEVICE_FAMILY = "1,2";
			};
			name = Debug;
		};
		CAAB7EDB262D991C003E539E /* Release */ = {
			isa = XCBuildConfiguration;
			baseConfigurationReference = 016D0030D920B12ED3C6463A /* Pods-PaymentDemo.release.xcconfig */;
			buildSettings = {
				ASSETCATALOG_COMPILER_APPICON_NAME = AppIcon;
				ASSETCATALOG_COMPILER_GLOBAL_ACCENT_COLOR_NAME = AccentColor;
				CODE_SIGN_STYLE = Automatic;
				DEVELOPMENT_TEAM = 2G2F7B8D22;
				INFOPLIST_FILE = PaymentDemo/Info.plist;
				IPHONEOS_DEPLOYMENT_TARGET = 11.0;
				LD_RUNPATH_SEARCH_PATHS = (
					"$(inherited)",
					"@executable_path/Frameworks",
				);
				PRODUCT_BUNDLE_IDENTIFIER = com.vnpay.ewallet.sdkdemo;
				PRODUCT_NAME = "$(TARGET_NAME)";
				SWIFT_VERSION = 5.0;
				TARGETED_DEVICE_FAMILY = "1,2";
			};
			name = Release;
		};
		CAAB7EDD262D991C003E539E /* Debug */ = {
			isa = XCBuildConfiguration;
			baseConfigurationReference = 6B9B124769E5F2D13051CFAA /* Pods-PaymentDemoTests.debug.xcconfig */;
			buildSettings = {
				ALWAYS_EMBED_SWIFT_STANDARD_LIBRARIES = YES;
				BUNDLE_LOADER = "$(TEST_HOST)";
				CODE_SIGN_STYLE = Automatic;
				DEVELOPMENT_TEAM = 2G2F7B8D22;
				INFOPLIST_FILE = PaymentDemoTests/Info.plist;
				IPHONEOS_DEPLOYMENT_TARGET = 14.4;
				LD_RUNPATH_SEARCH_PATHS = (
					"$(inherited)",
					"@executable_path/Frameworks",
					"@loader_path/Frameworks",
				);
				PRODUCT_BUNDLE_IDENTIFIER = vn.dev.deli.PaymentDemoTests;
				PRODUCT_NAME = "$(TARGET_NAME)";
				SWIFT_VERSION = 5.0;
				TARGETED_DEVICE_FAMILY = "1,2";
				TEST_HOST = "$(BUILT_PRODUCTS_DIR)/PaymentDemo.app/PaymentDemo";
			};
			name = Debug;
		};
		CAAB7EDE262D991C003E539E /* Release */ = {
			isa = XCBuildConfiguration;
			baseConfigurationReference = B8A35497014F21F4E754C2EB /* Pods-PaymentDemoTests.release.xcconfig */;
			buildSettings = {
				ALWAYS_EMBED_SWIFT_STANDARD_LIBRARIES = YES;
				BUNDLE_LOADER = "$(TEST_HOST)";
				CODE_SIGN_STYLE = Automatic;
				DEVELOPMENT_TEAM = 2G2F7B8D22;
				INFOPLIST_FILE = PaymentDemoTests/Info.plist;
				IPHONEOS_DEPLOYMENT_TARGET = 14.4;
				LD_RUNPATH_SEARCH_PATHS = (
					"$(inherited)",
					"@executable_path/Frameworks",
					"@loader_path/Frameworks",
				);
				PRODUCT_BUNDLE_IDENTIFIER = vn.dev.deli.PaymentDemoTests;
				PRODUCT_NAME = "$(TARGET_NAME)";
				SWIFT_VERSION = 5.0;
				TARGETED_DEVICE_FAMILY = "1,2";
				TEST_HOST = "$(BUILT_PRODUCTS_DIR)/PaymentDemo.app/PaymentDemo";
			};
			name = Release;
		};
		CAAB7EE0262D991C003E539E /* Debug */ = {
			isa = XCBuildConfiguration;
			baseConfigurationReference = A6AFC3D355E5C746C2E2E0E3 /* Pods-PaymentDemo-PaymentDemoUITests.debug.xcconfig */;
			buildSettings = {
				ALWAYS_EMBED_SWIFT_STANDARD_LIBRARIES = YES;
				CODE_SIGN_STYLE = Automatic;
				DEVELOPMENT_TEAM = 2G2F7B8D22;
				INFOPLIST_FILE = PaymentDemoUITests/Info.plist;
				LD_RUNPATH_SEARCH_PATHS = (
					"$(inherited)",
					"@executable_path/Frameworks",
					"@loader_path/Frameworks",
				);
				PRODUCT_BUNDLE_IDENTIFIER = vn.dev.deli.PaymentDemoUITests;
				PRODUCT_NAME = "$(TARGET_NAME)";
				SWIFT_VERSION = 5.0;
				TARGETED_DEVICE_FAMILY = "1,2";
				TEST_TARGET_NAME = PaymentDemo;
			};
			name = Debug;
		};
		CAAB7EE1262D991C003E539E /* Release */ = {
			isa = XCBuildConfiguration;
			baseConfigurationReference = 73164A93352567B35ED889F9 /* Pods-PaymentDemo-PaymentDemoUITests.release.xcconfig */;
			buildSettings = {
				ALWAYS_EMBED_SWIFT_STANDARD_LIBRARIES = YES;
				CODE_SIGN_STYLE = Automatic;
				DEVELOPMENT_TEAM = 2G2F7B8D22;
				INFOPLIST_FILE = PaymentDemoUITests/Info.plist;
				LD_RUNPATH_SEARCH_PATHS = (
					"$(inherited)",
					"@executable_path/Frameworks",
					"@loader_path/Frameworks",
				);
				PRODUCT_BUNDLE_IDENTIFIER = vn.dev.deli.PaymentDemoUITests;
				PRODUCT_NAME = "$(TARGET_NAME)";
				SWIFT_VERSION = 5.0;
				TARGETED_DEVICE_FAMILY = "1,2";
				TEST_TARGET_NAME = PaymentDemo;
			};
			name = Release;
		};
/* End XCBuildConfiguration section */

/* Begin XCConfigurationList section */
		CAAB7EAA262D991A003E539E /* Build configuration list for PBXProject "PaymentDemo" */ = {
			isa = XCConfigurationList;
			buildConfigurations = (
				CAAB7ED7262D991C003E539E /* Debug */,
				CAAB7ED8262D991C003E539E /* Release */,
			);
			defaultConfigurationIsVisible = 0;
			defaultConfigurationName = Release;
		};
		CAAB7ED9262D991C003E539E /* Build configuration list for PBXNativeTarget "PaymentDemo" */ = {
			isa = XCConfigurationList;
			buildConfigurations = (
				CAAB7EDA262D991C003E539E /* Debug */,
				CAAB7EDB262D991C003E539E /* Release */,
			);
			defaultConfigurationIsVisible = 0;
			defaultConfigurationName = Release;
		};
		CAAB7EDC262D991C003E539E /* Build configuration list for PBXNativeTarget "PaymentDemoTests" */ = {
			isa = XCConfigurationList;
			buildConfigurations = (
				CAAB7EDD262D991C003E539E /* Debug */,
				CAAB7EDE262D991C003E539E /* Release */,
			);
			defaultConfigurationIsVisible = 0;
			defaultConfigurationName = Release;
		};
		CAAB7EDF262D991C003E539E /* Build configuration list for PBXNativeTarget "PaymentDemoUITests" */ = {
			isa = XCConfigurationList;
			buildConfigurations = (
				CAAB7EE0262D991C003E539E /* Debug */,
				CAAB7EE1262D991C003E539E /* Release */,
			);
			defaultConfigurationIsVisible = 0;
			defaultConfigurationName = Release;
		};
/* End XCConfigurationList section */
	};
	rootObject = CAAB7EA7262D991A003E539E /* Project object */;
}
